
Microsoft Visual Studio Solution File, Format Version 12.00
# Visual Studio Version 16
VisualStudioVersion = 16.0.31729.503
MinimumVisualStudioVersion = 10.0.40219.1
Project("{9A19103F-16F7-4668-BE54-9A1E7A4F7556}") = "AWSServerless1", "AWSServerless1\AWSServerless1.csproj", "{3EB9135B-9F6F-4869-8F71-1F9E54C97180}"
EndProject
Project("{9A19103F-16F7-4668-BE54-9A1E7A4F7556}") = "AWSServerless1.Tests", "AWSServerless1.Tests\AWSServerless1.Tests.csproj", "{59938CF0-55D7-4970-BBEC-D9693E8E599D}"
EndProject
Global
	GlobalSection(SolutionConfigurationPlatforms) = preSolution
		Debug|Any CPU = Debug|Any CPU
		Release|Any CPU = Release|Any CPU
	EndGlobalSection
	GlobalSection(ProjectConfigurationPlatforms) = postSolution
		{3EB9135B-9F6F-4869-8F71-1F9E54C97180}.Debug|Any CPU.ActiveCfg = Debug|Any CPU
		{3EB9135B-9F6F-4869-8F71-1F9E54C97180}.Debug|Any CPU.Build.0 = Debug|Any CPU
		{3EB9135B-9F6F-4869-8F71-1F9E54C97180}.Release|Any CPU.ActiveCfg = Release|Any CPU
		{3EB9135B-9F6F-4869-8F71-1F9E54C97180}.Release|Any CPU.Build.0 = Release|Any CPU
		{59938CF0-55D7-4970-BBEC-D9693E8E599D}.Debug|Any CPU.ActiveCfg = Debug|Any CPU
		{59938CF0-55D7-4970-BBEC-D9693E8E599D}.Debug|Any CPU.Build.0 = Debug|Any CPU
		{59938CF0-55D7-4970-BBEC-D9693E8E599D}.Release|Any CPU.ActiveCfg = Release|Any CPU
		{59938CF0-55D7-4970-BBEC-D9693E8E599D}.Release|Any CPU.Build.0 = Release|Any CPU
	EndGlobalSection
	GlobalSection(SolutionProperties) = preSolution
		HideSolutionNode = FALSE
	EndGlobalSection
	GlobalSection(ExtensibilityGlobals) = postSolution
		SolutionGuid = {312B90E5-2F70-42FC-9419-487DF511524F}
	EndGlobalSection
EndGlobal
